
Microsoft Visual Studio Solution File, Format Version 12.00
# Visual Studio Version 17
VisualStudioVersion = 17.8.34511.84
MinimumVisualStudioVersion = 10.0.40219.1
Project("{FAE04EC0-301F-11D3-BF4B-00C04F79EFBC}") = "ProductsApiTest", "ProductsApiTest.csproj", "{1D1DBEF8-4DCB-45DB-8CC3-264C00E8B486}"
EndProject
Project("{FAE04EC0-301F-11D3-BF4B-00C04F79EFBC}") = "ProductsApiTest.Test", "..\ProductsApiTest.Test\ProductsApiTest.Test.csproj", "{E8E95F1B-BFD8-4255-8449-E914799F18E4}"
EndProject
Global
	GlobalSection(SolutionConfigurationPlatforms) = preSolution
		Debug|Any CPU = Debug|Any CPU
		Release|Any CPU = Release|Any CPU
	EndGlobalSection
	GlobalSection(ProjectConfigurationPlatforms) = postSolution
		{1D1DBEF8-4DCB-45DB-8CC3-264C00E8B486}.Debug|Any CPU.ActiveCfg = Debug|Any CPU
		{1D1DBEF8-4DCB-45DB-8CC3-264C00E8B486}.Debug|Any CPU.Build.0 = Debug|Any CPU
		{1D1DBEF8-4DCB-45DB-8CC3-264C00E8B486}.Release|Any CPU.ActiveCfg = Release|Any CPU
		{1D1DBEF8-4DCB-45DB-8CC3-264C00E8B486}.Release|Any CPU.Build.0 = Release|Any CPU
		{E8E95F1B-BFD8-4255-8449-E914799F18E4}.Debug|Any CPU.ActiveCfg = Debug|Any CPU
		{E8E95F1B-BFD8-4255-8449-E914799F18E4}.Debug|Any CPU.Build.0 = Debug|Any CPU
		{E8E95F1B-BFD8-4255-8449-E914799F18E4}.Release|Any CPU.ActiveCfg = Release|Any CPU
		{E8E95F1B-BFD8-4255-8449-E914799F18E4}.Release|Any CPU.Build.0 = Release|Any CPU
	EndGlobalSection
	GlobalSection(SolutionProperties) = preSolution
		HideSolutionNode = FALSE
	EndGlobalSection
	GlobalSection(ExtensibilityGlobals) = postSolution
		SolutionGuid = {DC9FE6E6-D318-47A6-BA65-3A3BCC1C4410}
	EndGlobalSection
EndGlobal
