
Microsoft Visual Studio Solution File, Format Version 12.00
# Visual Studio Version 17
VisualStudioVersion = 17.8.34511.84
MinimumVisualStudioVersion = 10.0.40219.1
Project("{9A19103F-16F7-4668-BE54-9A1E7A4F7556}") = "Calculos", "Calculos.csproj", "{C44320DC-C833-43C6-9B9F-280FCEB04123}"
EndProject
Project("{FAE04EC0-301F-11D3-BF4B-00C04F79EFBC}") = "Calculos.Test", "..\Calculos.Test\Calculos.Test.csproj", "{522268D1-133D-42DC-AA6E-92E8A10ED78A}"
EndProject
Global
	GlobalSection(SolutionConfigurationPlatforms) = preSolution
		Debug|Any CPU = Debug|Any CPU
		Release|Any CPU = Release|Any CPU
	EndGlobalSection
	GlobalSection(ProjectConfigurationPlatforms) = postSolution
		{C44320DC-C833-43C6-9B9F-280FCEB04123}.Debug|Any CPU.ActiveCfg = Debug|Any CPU
		{C44320DC-C833-43C6-9B9F-280FCEB04123}.Debug|Any CPU.Build.0 = Debug|Any CPU
		{C44320DC-C833-43C6-9B9F-280FCEB04123}.Release|Any CPU.ActiveCfg = Release|Any CPU
		{C44320DC-C833-43C6-9B9F-280FCEB04123}.Release|Any CPU.Build.0 = Release|Any CPU
		{522268D1-133D-42DC-AA6E-92E8A10ED78A}.Debug|Any CPU.ActiveCfg = Debug|Any CPU
		{522268D1-133D-42DC-AA6E-92E8A10ED78A}.Debug|Any CPU.Build.0 = Debug|Any CPU
		{522268D1-133D-42DC-AA6E-92E8A10ED78A}.Release|Any CPU.ActiveCfg = Release|Any CPU
		{522268D1-133D-42DC-AA6E-92E8A10ED78A}.Release|Any CPU.Build.0 = Release|Any CPU
	EndGlobalSection
	GlobalSection(SolutionProperties) = preSolution
		HideSolutionNode = FALSE
	EndGlobalSection
	GlobalSection(ExtensibilityGlobals) = postSolution
		SolutionGuid = {DDF9F6FC-76C1-47D5-8445-78D2A1E9924B}
	EndGlobalSection
EndGlobal
